{
  "name": "try-antlr-2",
  "version": "1.0.0",
  "lockfileVersion": 1,
  "requires": true,
  "dependencies": {
    "antlr4": {
      "version": "4.7.2",
      "resolved": "https://artifactory.viaplay.cloud/artifactory/api/npm/mtg-npm-virtual/antlr4/-/antlr4-4.7.2.tgz",
      "integrity": "sha1-nQtZh7tjZg3mWAVe6RSRQbTZtGI="
    }
  }
}
